{
  "name": "ft_transcendence",
  "lockfileVersion": 3,
  "requires": true,
  "packages": {
    "": {
      "dependencies": {
        "buffer-to-stream": "^1.0.0",
        "cloudinary": "^1.40.0",
        "streamifier": "^0.1.1"
      },
      "devDependencies": {
        "@types/multer": "^1.4.7"
      }
    },
    "node_modules/@types/body-parser": {
      "version": "1.19.2",
      "resolved": "https://registry.npmjs.org/@types/body-parser/-/body-parser-1.19.2.tgz",
      "integrity": "sha512-ALYone6pm6QmwZoAgeyNksccT9Q4AWZQ6PvfwR37GT6r6FWUPguq6sUmNGSMV2Wr761oQoBxwGGa6DR5o1DC9g==",
      "dev": true,
      "dependencies": {
        "@types/connect": "*",
        "@types/node": "*"
      }
    },
    "node_modules/@types/connect": {
      "version": "3.4.35",
      "resolved": "https://registry.npmjs.org/@types/connect/-/connect-3.4.35.tgz",
      "integrity": "sha512-cdeYyv4KWoEgpBISTxWvqYsVy444DOqehiF3fM3ne10AmJ62RSyNkUnxMJXHQWRQQX2eR94m5y1IZyDwBjV9FQ==",
      "dev": true,
      "dependencies": {
        "@types/node": "*"
      }
    },
    "node_modules/@types/express": {
      "version": "4.17.17",
      "resolved": "https://registry.npmjs.org/@types/express/-/express-4.17.17.tgz",
      "integrity": "sha512-Q4FmmuLGBG58btUnfS1c1r/NQdlp3DMfGDGig8WhfpA2YRUtEkxAjkZb0yvplJGYdF1fsQ81iMDcH24sSCNC/Q==",
      "dev": true,
      "dependencies": {
        "@types/body-parser": "*",
        "@types/express-serve-static-core": "^4.17.33",
        "@types/qs": "*",
        "@types/serve-static": "*"
      }
    },
    "node_modules/@types/express-serve-static-core": {
      "version": "4.17.35",
      "resolved": "https://registry.npmjs.org/@types/express-serve-static-core/-/express-serve-static-core-4.17.35.tgz",
      "integrity": "sha512-wALWQwrgiB2AWTT91CB62b6Yt0sNHpznUXeZEcnPU3DRdlDIz74x8Qg1UUYKSVFi+va5vKOLYRBI1bRKiLLKIg==",
      "dev": true,
      "dependencies": {
        "@types/node": "*",
        "@types/qs": "*",
        "@types/range-parser": "*",
        "@types/send": "*"
      }
    },
    "node_modules/@types/http-errors": {
      "version": "2.0.1",
      "resolved": "https://registry.npmjs.org/@types/http-errors/-/http-errors-2.0.1.tgz",
      "integrity": "sha512-/K3ds8TRAfBvi5vfjuz8y6+GiAYBZ0x4tXv1Av6CWBWn0IlADc+ZX9pMq7oU0fNQPnBwIZl3rmeLp6SBApbxSQ==",
      "dev": true
    },
    "node_modules/@types/mime": {
      "version": "1.3.2",
      "resolved": "https://registry.npmjs.org/@types/mime/-/mime-1.3.2.tgz",
      "integrity": "sha512-YATxVxgRqNH6nHEIsvg6k2Boc1JHI9ZbH5iWFFv/MTkchz3b1ieGDa5T0a9RznNdI0KhVbdbWSN+KWWrQZRxTw==",
      "dev": true
    },
    "node_modules/@types/multer": {
      "version": "1.4.7",
      "resolved": "https://registry.npmjs.org/@types/multer/-/multer-1.4.7.tgz",
      "integrity": "sha512-/SNsDidUFCvqqcWDwxv2feww/yqhNeTRL5CVoL3jU4Goc4kKEL10T7Eye65ZqPNi4HRx8sAEX59pV1aEH7drNA==",
      "dev": true,
      "dependencies": {
        "@types/express": "*"
      }
    },
    "node_modules/@types/node": {
      "version": "20.5.0",
      "resolved": "https://registry.npmjs.org/@types/node/-/node-20.5.0.tgz",
      "integrity": "sha512-Mgq7eCtoTjT89FqNoTzzXg2XvCi5VMhRV6+I2aYanc6kQCBImeNaAYRs/DyoVqk1YEUJK5gN9VO7HRIdz4Wo3Q==",
      "dev": true
    },
    "node_modules/@types/qs": {
      "version": "6.9.7",
      "resolved": "https://registry.npmjs.org/@types/qs/-/qs-6.9.7.tgz",
      "integrity": "sha512-FGa1F62FT09qcrueBA6qYTrJPVDzah9a+493+o2PCXsesWHIn27G98TsSMs3WPNbZIEj4+VJf6saSFpvD+3Zsw==",
      "dev": true
    },
    "node_modules/@types/range-parser": {
      "version": "1.2.4",
      "resolved": "https://registry.npmjs.org/@types/range-parser/-/range-parser-1.2.4.tgz",
      "integrity": "sha512-EEhsLsD6UsDM1yFhAvy0Cjr6VwmpMWqFBCb9w07wVugF7w9nfajxLuVmngTIpgS6svCnm6Vaw+MZhoDCKnOfsw==",
      "dev": true
    },
    "node_modules/@types/send": {
      "version": "0.17.1",
      "resolved": "https://registry.npmjs.org/@types/send/-/send-0.17.1.tgz",
      "integrity": "sha512-Cwo8LE/0rnvX7kIIa3QHCkcuF21c05Ayb0ZfxPiv0W8VRiZiNW/WuRupHKpqqGVGf7SUA44QSOUKaEd9lIrd/Q==",
      "dev": true,
      "dependencies": {
        "@types/mime": "^1",
        "@types/node": "*"
      }
    },
    "node_modules/@types/serve-static": {
      "version": "1.15.2",
      "resolved": "https://registry.npmjs.org/@types/serve-static/-/serve-static-1.15.2.tgz",
      "integrity": "sha512-J2LqtvFYCzaj8pVYKw8klQXrLLk7TBZmQ4ShlcdkELFKGwGMfevMLneMMRkMgZxotOD9wg497LpC7O8PcvAmfw==",
      "dev": true,
      "dependencies": {
        "@types/http-errors": "*",
        "@types/mime": "*",
        "@types/node": "*"
      }
    },
    "node_modules/buffer-to-stream": {
      "version": "1.0.0",
      "resolved": "https://registry.npmjs.org/buffer-to-stream/-/buffer-to-stream-1.0.0.tgz",
      "integrity": "sha512-EMiRQgNY0mFGbPm7zV3b7vc1mSNs7WSkZvH2Rmvl2tjTe43uCuRlCVw1OAEon7NXBTT7He1Pf2lLoKKgvcAujA==",
      "engines": {
        "node": ">=6"
      }
    },
    "node_modules/cloudinary": {
      "version": "1.40.0",
      "resolved": "https://registry.npmjs.org/cloudinary/-/cloudinary-1.40.0.tgz",
      "integrity": "sha512-Fifkl8NRw/M+Enw4cKCXc6e0Or28c5y6RVGYS3OCLzT1W8EfBt416FURhLuuL/S4BCVv8bSilmnM746kCtth3g==",
      "dependencies": {
        "cloudinary-core": "^2.13.0",
        "core-js": "^3.30.1",
        "lodash": "^4.17.21",
        "q": "^1.5.1"
      },
      "engines": {
        "node": ">=0.6"
      }
    },
    "node_modules/cloudinary-core": {
      "version": "2.13.0",
      "resolved": "https://registry.npmjs.org/cloudinary-core/-/cloudinary-core-2.13.0.tgz",
      "integrity": "sha512-Nt0Q5I2FtenmJghtC4YZ3MZZbGg1wLm84SsxcuVwZ83OyJqG9CNIGp86CiI6iDv3QobaqBUpOT7vg+HqY5HxEA==",
      "peerDependencies": {
        "lodash": ">=4.0"
      }
    },
    "node_modules/core-js": {
      "version": "3.32.0",
      "resolved": "https://registry.npmjs.org/core-js/-/core-js-3.32.0.tgz",
      "integrity": "sha512-rd4rYZNlF3WuoYuRIDEmbR/ga9CeuWX9U05umAvgrrZoHY4Z++cp/xwPQMvUpBB4Ag6J8KfD80G0zwCyaSxDww==",
      "hasInstallScript": true,
      "funding": {
        "type": "opencollective",
        "url": "https://opencollective.com/core-js"
      }
    },
    "node_modules/lodash": {
      "version": "4.17.21",
      "resolved": "https://registry.npmjs.org/lodash/-/lodash-4.17.21.tgz",
      "integrity": "sha512-v2kDEe57lecTulaDIuNTPy3Ry4gLGJ6Z1O3vE1krgXZNrsQ+LFTGHVxVjcXPs17LhbZVGedAJv8XZ1tvj5FvSg=="
    },
    "node_modules/q": {
      "version": "1.5.1",
      "resolved": "https://registry.npmjs.org/q/-/q-1.5.1.tgz",
      "integrity": "sha512-kV/CThkXo6xyFEZUugw/+pIOywXcDbFYgSct5cT3gqlbkBE1SJdwy6UQoZvodiWF/ckQLZyDE/Bu1M6gVu5lVw==",
      "engines": {
        "node": ">=0.6.0",
        "teleport": ">=0.2.0"
      }
    },
    "node_modules/streamifier": {
      "version": "0.1.1",
      "resolved": "https://registry.npmjs.org/streamifier/-/streamifier-0.1.1.tgz",
      "integrity": "sha512-zDgl+muIlWzXNsXeyUfOk9dChMjlpkq0DRsxujtYPgyJ676yQ8jEm6zzaaWHFDg5BNcLuif0eD2MTyJdZqXpdg==",
      "engines": {
        "node": ">=0.10"
      }
    }
  }
}
